
Microsoft Visual Studio Solution File, Format Version 12.00
# Visual Studio Version 17
VisualStudioVersion = 17.8.34330.188
MinimumVisualStudioVersion = 10.0.40219.1
Project("{9A19103F-16F7-4668-BE54-9A1E7A4F7556}") = "BaseLib.Domain", "Domain\BaseLib.Domain.csproj", "{326ED82D-D57D-4625-8394-396C51668E2D}"
EndProject
Project("{9A19103F-16F7-4668-BE54-9A1E7A4F7556}") = "BaseLib.Application", "Application\BaseLib.Application.csproj", "{6BC558ED-FCF1-42FE-8DE4-E0D8810A6A8C}"
EndProject
Project("{9A19103F-16F7-4668-BE54-9A1E7A4F7556}") = "BaseLib.Context", "Context\BaseLib.Context.csproj", "{73C304A0-402F-42A7-A66B-AC3CAE2BEA20}"
EndProject
Global
	GlobalSection(SolutionConfigurationPlatforms) = preSolution
		Debug|Any CPU = Debug|Any CPU
		Release|Any CPU = Release|Any CPU
	EndGlobalSection
	GlobalSection(ProjectConfigurationPlatforms) = postSolution
		{326ED82D-D57D-4625-8394-396C51668E2D}.Debug|Any CPU.ActiveCfg = Debug|Any CPU
		{326ED82D-D57D-4625-8394-396C51668E2D}.Debug|Any CPU.Build.0 = Debug|Any CPU
		{326ED82D-D57D-4625-8394-396C51668E2D}.Release|Any CPU.ActiveCfg = Release|Any CPU
		{326ED82D-D57D-4625-8394-396C51668E2D}.Release|Any CPU.Build.0 = Release|Any CPU
		{6BC558ED-FCF1-42FE-8DE4-E0D8810A6A8C}.Debug|Any CPU.ActiveCfg = Debug|Any CPU
		{6BC558ED-FCF1-42FE-8DE4-E0D8810A6A8C}.Debug|Any CPU.Build.0 = Debug|Any CPU
		{6BC558ED-FCF1-42FE-8DE4-E0D8810A6A8C}.Release|Any CPU.ActiveCfg = Release|Any CPU
		{6BC558ED-FCF1-42FE-8DE4-E0D8810A6A8C}.Release|Any CPU.Build.0 = Release|Any CPU
		{73C304A0-402F-42A7-A66B-AC3CAE2BEA20}.Debug|Any CPU.ActiveCfg = Release|Any CPU
		{73C304A0-402F-42A7-A66B-AC3CAE2BEA20}.Debug|Any CPU.Build.0 = Release|Any CPU
		{73C304A0-402F-42A7-A66B-AC3CAE2BEA20}.Release|Any CPU.ActiveCfg = Release|Any CPU
		{73C304A0-402F-42A7-A66B-AC3CAE2BEA20}.Release|Any CPU.Build.0 = Release|Any CPU
	EndGlobalSection
	GlobalSection(SolutionProperties) = preSolution
		HideSolutionNode = FALSE
	EndGlobalSection
	GlobalSection(ExtensibilityGlobals) = postSolution
		SolutionGuid = {AD8F0D97-FA07-45B4-838D-300F970BAA92}
	EndGlobalSection
EndGlobal
